// !$*UTF8*$!
{
	archiveVersion = 1;
	classes = {
	};
	objectVersion = 56;
	objects = {

/* Begin PBXBuildFile section */
		DE8CA59C2B8E7483002C945E /* AppDelegate.swift in Sources */ = {isa = PBXBuildFile; fileRef = DE8CA59B2B8E7483002C945E /* AppDelegate.swift */; };
		DE8CA59E2B8E7483002C945E /* SceneDelegate.swift in Sources */ = {isa = PBXBuildFile; fileRef = DE8CA59D2B8E7483002C945E /* SceneDelegate.swift */; };
		DE8CA5A02B8E7483002C945E /* ViewController.swift in Sources */ = {isa = PBXBuildFile; fileRef = DE8CA59F2B8E7483002C945E /* ViewController.swift */; };
		DE8CA5A32B8E7483002C945E /* Main.storyboard in Resources */ = {isa = PBXBuildFile; fileRef = DE8CA5A12B8E7483002C945E /* Main.storyboard */; };
		DE8CA5A52B8E7484002C945E /* Assets.xcassets in Resources */ = {isa = PBXBuildFile; fileRef = DE8CA5A42B8E7484002C945E /* Assets.xcassets */; };
		DE8CA5A82B8E7484002C945E /* LaunchScreen.storyboard in Resources */ = {isa = PBXBuildFile; fileRef = DE8CA5A62B8E7484002C945E /* LaunchScreen.storyboard */; };
		DE8CA5B32B8E7484002C945E /* SimpsonAppTests.swift in Sources */ = {isa = PBXBuildFile; fileRef = DE8CA5B22B8E7484002C945E /* SimpsonAppTests.swift */; };
		DE8CA5BD2B8E7484002C945E /* SimpsonAppUITests.swift in Sources */ = {isa = PBXBuildFile; fileRef = DE8CA5BC2B8E7484002C945E /* SimpsonAppUITests.swift */; };
		DE8CA5BF2B8E7484002C945E /* SimpsonAppUITestsLaunchTests.swift in Sources */ = {isa = PBXBuildFile; fileRef = DE8CA5BE2B8E7484002C945E /* SimpsonAppUITestsLaunchTests.swift */; };
/* End PBXBuildFile section */

/* Begin PBXContainerItemProxy section */
		DE8CA5AF2B8E7484002C945E /* PBXContainerItemProxy */ = {
			isa = PBXContainerItemProxy;
			containerPortal = DE8CA5902B8E7483002C945E /* Project object */;
			proxyType = 1;
			remoteGlobalIDString = DE8CA5972B8E7483002C945E;
			remoteInfo = SimpsonApp;
		};
		DE8CA5B92B8E7484002C945E /* PBXContainerItemProxy */ = {
			isa = PBXContainerItemProxy;
			containerPortal = DE8CA5902B8E7483002C945E /* Project object */;
			proxyType = 1;
			remoteGlobalIDString = DE8CA5972B8E7483002C945E;
			remoteInfo = SimpsonApp;
		};
/* End PBXContainerItemProxy section */

/* Begin PBXFileReference section */
		DE8CA5982B8E7483002C945E /* SimpsonApp.app */ = {isa = PBXFileReference; explicitFileType = wrapper.application; includeInIndex = 0; path = SimpsonApp.app; sourceTree = BUILT_PRODUCTS_DIR; };
		DE8CA59B2B8E7483002C945E /* AppDelegate.swift */ = {isa = PBXFileReference; lastKnownFileType = sourcecode.swift; path = AppDelegate.swift; sourceTree = "<group>"; };
		DE8CA59D2B8E7483002C945E /* SceneDelegate.swift */ = {isa = PBXFileReference; lastKnownFileType = sourcecode.swift; path = SceneDelegate.swift; sourceTree = "<group>"; };
		DE8CA59F2B8E7483002C945E /* ViewController.swift */ = {isa = PBXFileReference; lastKnownFileType = sourcecode.swift; path = ViewController.swift; sourceTree = "<group>"; };
		DE8CA5A22B8E7483002C945E /* Base */ = {isa = PBXFileReference; lastKnownFileType = file.storyboard; name = Base; path = Base.lproj/Main.storyboard; sourceTree = "<group>"; };
		DE8CA5A42B8E7484002C945E /* Assets.xcassets */ = {isa = PBXFileReference; lastKnownFileType = folder.assetcatalog; path = Assets.xcassets; sourceTree = "<group>"; };
		DE8CA5A72B8E7484002C945E /* Base */ = {isa = PBXFileReference; lastKnownFileType = file.storyboard; name = Base; path = Base.lproj/LaunchScreen.storyboard; sourceTree = "<group>"; };
		DE8CA5A92B8E7484002C945E /* Info.plist */ = {isa = PBXFileReference; lastKnownFileType = text.plist.xml; path = Info.plist; sourceTree = "<group>"; };
		DE8CA5AE2B8E7484002C945E /* SimpsonAppTests.xctest */ = {isa = PBXFileReference; explicitFileType = wrapper.cfbundle; includeInIndex = 0; path = SimpsonAppTests.xctest; sourceTree = BUILT_PRODUCTS_DIR; };
		DE8CA5B22B8E7484002C945E /* SimpsonAppTests.swift */ = {isa = PBXFileReference; lastKnownFileType = sourcecode.swift; path = SimpsonAppTests.swift; sourceTree = "<group>"; };
		DE8CA5B82B8E7484002C945E /* SimpsonAppUITests.xctest */ = {isa = PBXFileReference; explicitFileType = wrapper.cfbundle; includeInIndex = 0; path = SimpsonAppUITests.xctest; sourceTree = BUILT_PRODUCTS_DIR; };
		DE8CA5BC2B8E7484002C945E /* SimpsonAppUITests.swift */ = {isa = PBXFileReference; lastKnownFileType = sourcecode.swift; path = SimpsonAppUITests.swift; sourceTree = "<group>"; };
		DE8CA5BE2B8E7484002C945E /* SimpsonAppUITestsLaunchTests.swift */ = {isa = PBXFileReference; lastKnownFileType = sourcecode.swift; path = SimpsonAppUITestsLaunchTests.swift; sourceTree = "<group>"; };
/* End PBXFileReference section */

/* Begin PBXFrameworksBuildPhase section */
		DE8CA5952B8E7483002C945E /* Frameworks */ = {
			isa = PBXFrameworksBuildPhase;
			buildActionMask = 2147483647;
			files = (
			);
			runOnlyForDeploymentPostprocessing = 0;
		};
		DE8CA5AB2B8E7484002C945E /* Frameworks */ = {
			isa = PBXFrameworksBuildPhase;
			buildActionMask = 2147483647;
			files = (
			);
			runOnlyForDeploymentPostprocessing = 0;
		};
		DE8CA5B52B8E7484002C945E /* Frameworks */ = {
			isa = PBXFrameworksBuildPhase;
			buildActionMask = 2147483647;
			files = (
			);
			runOnlyForDeploymentPostprocessing = 0;
		};
/* End PBXFrameworksBuildPhase section */

/* Begin PBXGroup section */
		DE8CA58F2B8E7483002C945E = {
			isa = PBXGroup;
			children = (
				DE8CA59A2B8E7483002C945E /* SimpsonApp */,
				DE8CA5B12B8E7484002C945E /* SimpsonAppTests */,
				DE8CA5BB2B8E7484002C945E /* SimpsonAppUITests */,
				DE8CA5992B8E7483002C945E /* Products */,
			);
			sourceTree = "<group>";
		};
		DE8CA5992B8E7483002C945E /* Products */ = {
			isa = PBXGroup;
			children = (
				DE8CA5982B8E7483002C945E /* SimpsonApp.app */,
				DE8CA5AE2B8E7484002C945E /* SimpsonAppTests.xctest */,
				DE8CA5B82B8E7484002C945E /* SimpsonAppUITests.xctest */,
			);
			name = Products;
			sourceTree = "<group>";
		};
		DE8CA59A2B8E7483002C945E /* SimpsonApp */ = {
			isa = PBXGroup;
			children = (
				DE8CA59B2B8E7483002C945E /* AppDelegate.swift */,
				DE8CA59D2B8E7483002C945E /* SceneDelegate.swift */,
				DE8CA59F2B8E7483002C945E /* ViewController.swift */,
				DE8CA5A12B8E7483002C945E /* Main.storyboard */,
				DE8CA5A42B8E7484002C945E /* Assets.xcassets */,
				DE8CA5A62B8E7484002C945E /* LaunchScreen.storyboard */,
				DE8CA5A92B8E7484002C945E /* Info.plist */,
			);
			path = SimpsonApp;
			sourceTree = "<group>";
		};
		DE8CA5B12B8E7484002C945E /* SimpsonAppTests */ = {
			isa = PBXGroup;
			children = (
				DE8CA5B22B8E7484002C945E /* SimpsonAppTests.swift */,
			);
			path = SimpsonAppTests;
			sourceTree = "<group>";
		};
		DE8CA5BB2B8E7484002C945E /* SimpsonAppUITests */ = {
			isa = PBXGroup;
			children = (
				DE8CA5BC2B8E7484002C945E /* SimpsonAppUITests.swift */,
				DE8CA5BE2B8E7484002C945E /* SimpsonAppUITestsLaunchTests.swift */,
			);
			path = SimpsonAppUITests;
			sourceTree = "<group>";
		};
/* End PBXGroup section */

/* Begin PBXNativeTarget section */
		DE8CA5972B8E7483002C945E /* SimpsonApp */ = {
			isa = PBXNativeTarget;
			buildConfigurationList = DE8CA5C22B8E7484002C945E /* Build configuration list for PBXNativeTarget "SimpsonApp" */;
			buildPhases = (
				DE8CA5942B8E7483002C945E /* Sources */,
				DE8CA5952B8E7483002C945E /* Frameworks */,
				DE8CA5962B8E7483002C945E /* Resources */,
			);
			buildRules = (
			);
			dependencies = (
			);
			name = SimpsonApp;
			productName = SimpsonApp;
			productReference = DE8CA5982B8E7483002C945E /* SimpsonApp.app */;
			productType = "com.apple.product-type.application";
		};
		DE8CA5AD2B8E7484002C945E /* SimpsonAppTests */ = {
			isa = PBXNativeTarget;
			buildConfigurationList = DE8CA5C52B8E7484002C945E /* Build configuration list for PBXNativeTarget "SimpsonAppTests" */;
			buildPhases = (
				DE8CA5AA2B8E7484002C945E /* Sources */,
				DE8CA5AB2B8E7484002C945E /* Frameworks */,
				DE8CA5AC2B8E7484002C945E /* Resources */,
			);
			buildRules = (
			);
			dependencies = (
				DE8CA5B02B8E7484002C945E /* PBXTargetDependency */,
			);
			name = SimpsonAppTests;
			productName = SimpsonAppTests;
			productReference = DE8CA5AE2B8E7484002C945E /* SimpsonAppTests.xctest */;
			productType = "com.apple.product-type.bundle.unit-test";
		};
		DE8CA5B72B8E7484002C945E /* SimpsonAppUITests */ = {
			isa = PBXNativeTarget;
			buildConfigurationList = DE8CA5C82B8E7484002C945E /* Build configuration list for PBXNativeTarget "SimpsonAppUITests" */;
			buildPhases = (
				DE8CA5B42B8E7484002C945E /* Sources */,
				DE8CA5B52B8E7484002C945E /* Frameworks */,
				DE8CA5B62B8E7484002C945E /* Resources */,
			);
			buildRules = (
			);
			dependencies = (
				DE8CA5BA2B8E7484002C945E /* PBXTargetDependency */,
			);
			name = SimpsonAppUITests;
			productName = SimpsonAppUITests;
			productReference = DE8CA5B82B8E7484002C945E /* SimpsonAppUITests.xctest */;
			productType = "com.apple.product-type.bundle.ui-testing";
		};
/* End PBXNativeTarget section */

/* Begin PBXProject section */
		DE8CA5902B8E7483002C945E /* Project object */ = {
			isa = PBXProject;
			attributes = {
				BuildIndependentTargetsInParallel = 1;
				LastSwiftUpdateCheck = 1520;
				LastUpgradeCheck = 1520;
				TargetAttributes = {
					DE8CA5972B8E7483002C945E = {
						CreatedOnToolsVersion = 15.2;
					};
					DE8CA5AD2B8E7484002C945E = {
						CreatedOnToolsVersion = 15.2;
						TestTargetID = DE8CA5972B8E7483002C945E;
					};
					DE8CA5B72B8E7484002C945E = {
						CreatedOnToolsVersion = 15.2;
						TestTargetID = DE8CA5972B8E7483002C945E;
					};
				};
			};
			buildConfigurationList = DE8CA5932B8E7483002C945E /* Build configuration list for PBXProject "SimpsonApp" */;
			compatibilityVersion = "Xcode 14.0";
			developmentRegion = en;
			hasScannedForEncodings = 0;
			knownRegions = (
				en,
				Base,
			);
			mainGroup = DE8CA58F2B8E7483002C945E;
			productRefGroup = DE8CA5992B8E7483002C945E /* Products */;
			projectDirPath = "";
			projectRoot = "";
			targets = (
				DE8CA5972B8E7483002C945E /* SimpsonApp */,
				DE8CA5AD2B8E7484002C945E /* SimpsonAppTests */,
				DE8CA5B72B8E7484002C945E /* SimpsonAppUITests */,
			);
		};
/* End PBXProject section */

/* Begin PBXResourcesBuildPhase section */
		DE8CA5962B8E7483002C945E /* Resources */ = {
			isa = PBXResourcesBuildPhase;
			buildActionMask = 2147483647;
			files = (
				DE8CA5A82B8E7484002C945E /* LaunchScreen.storyboard in Resources */,
				DE8CA5A52B8E7484002C945E /* Assets.xcassets in Resources */,
				DE8CA5A32B8E7483002C945E /* Main.storyboard in Resources */,
			);
			runOnlyForDeploymentPostprocessing = 0;
		};
		DE8CA5AC2B8E7484002C945E /* Resources */ = {
			isa = PBXResourcesBuildPhase;
			buildActionMask = 2147483647;
			files = (
			);
			runOnlyForDeploymentPostprocessing = 0;
		};
		DE8CA5B62B8E7484002C945E /* Resources */ = {
			isa = PBXResourcesBuildPhase;
			buildActionMask = 2147483647;
			files = (
			);
			runOnlyForDeploymentPostprocessing = 0;
		};
/* End PBXResourcesBuildPhase section */

/* Begin PBXSourcesBuildPhase section */
		DE8CA5942B8E7483002C945E /* Sources */ = {
			isa = PBXSourcesBuildPhase;
			buildActionMask = 2147483647;
			files = (
				DE8CA5A02B8E7483002C945E /* ViewController.swift in Sources */,
				DE8CA59C2B8E7483002C945E /* AppDelegate.swift in Sources */,
				DE8CA59E2B8E7483002C945E /* SceneDelegate.swift in Sources */,
			);
			runOnlyForDeploymentPostprocessing = 0;
		};
		DE8CA5AA2B8E7484002C945E /* Sources */ = {
			isa = PBXSourcesBuildPhase;
			buildActionMask = 2147483647;
			files = (
				DE8CA5B32B8E7484002C945E /* SimpsonAppTests.swift in Sources */,
			);
			runOnlyForDeploymentPostprocessing = 0;
		};
		DE8CA5B42B8E7484002C945E /* Sources */ = {
			isa = PBXSourcesBuildPhase;
			buildActionMask = 2147483647;
			files = (
				DE8CA5BF2B8E7484002C945E /* SimpsonAppUITestsLaunchTests.swift in Sources */,
				DE8CA5BD2B8E7484002C945E /* SimpsonAppUITests.swift in Sources */,
			);
			runOnlyForDeploymentPostprocessing = 0;
		};
/* End PBXSourcesBuildPhase section */

/* Begin PBXTargetDependency section */
		DE8CA5B02B8E7484002C945E /* PBXTargetDependency */ = {
			isa = PBXTargetDependency;
			target = DE8CA5972B8E7483002C945E /* SimpsonApp */;
			targetProxy = DE8CA5AF2B8E7484002C945E /* PBXContainerItemProxy */;
		};
		DE8CA5BA2B8E7484002C945E /* PBXTargetDependency */ = {
			isa = PBXTargetDependency;
			target = DE8CA5972B8E7483002C945E /* SimpsonApp */;
			targetProxy = DE8CA5B92B8E7484002C945E /* PBXContainerItemProxy */;
		};
/* End PBXTargetDependency section */

/* Begin PBXVariantGroup section */
		DE8CA5A12B8E7483002C945E /* Main.storyboard */ = {
			isa = PBXVariantGroup;
			children = (
				DE8CA5A22B8E7483002C945E /* Base */,
			);
			name = Main.storyboard;
			sourceTree = "<group>";
		};
		DE8CA5A62B8E7484002C945E /* LaunchScreen.storyboard */ = {
			isa = PBXVariantGroup;
			children = (
				DE8CA5A72B8E7484002C945E /* Base */,
			);
			name = LaunchScreen.storyboard;
			sourceTree = "<group>";
		};
/* End PBXVariantGroup section */

/* Begin XCBuildConfiguration section */
		DE8CA5C02B8E7484002C945E /* Debug */ = {
			isa = XCBuildConfiguration;
			buildSettings = {
				ALWAYS_SEARCH_USER_PATHS = NO;
				ASSETCATALOG_COMPILER_GENERATE_SWIFT_ASSET_SYMBOL_EXTENSIONS = YES;
				CLANG_ANALYZER_NONNULL = YES;
				CLANG_ANALYZER_NUMBER_OBJECT_CONVERSION = YES_AGGRESSIVE;
				CLANG_CXX_LANGUAGE_STANDARD = "gnu++20";
				CLANG_ENABLE_MODULES = YES;
				CLANG_ENABLE_OBJC_ARC = YES;
				CLANG_ENABLE_OBJC_WEAK = YES;
				CLANG_WARN_BLOCK_CAPTURE_AUTORELEASING = YES;
				CLANG_WARN_BOOL_CONVERSION = YES;
				CLANG_WARN_COMMA = YES;
				CLANG_WARN_CONSTANT_CONVERSION = YES;
				CLANG_WARN_DEPRECATED_OBJC_IMPLEMENTATIONS = YES;
				CLANG_WARN_DIRECT_OBJC_ISA_USAGE = YES_ERROR;
				CLANG_WARN_DOCUMENTATION_COMMENTS = YES;
				CLANG_WARN_EMPTY_BODY = YES;
				CLANG_WARN_ENUM_CONVERSION = YES;
				CLANG_WARN_INFINITE_RECURSION = YES;
				CLANG_WARN_INT_CONVERSION = YES;
				CLANG_WARN_NON_LITERAL_NULL_CONVERSION = YES;
				CLANG_WARN_OBJC_IMPLICIT_RETAIN_SELF = YES;
				CLANG_WARN_OBJC_LITERAL_CONVERSION = YES;
				CLANG_WARN_OBJC_ROOT_CLASS = YES_ERROR;
				CLANG_WARN_QUOTED_INCLUDE_IN_FRAMEWORK_HEADER = YES;
				CLANG_WARN_RANGE_LOOP_ANALYSIS = YES;
				CLANG_WARN_STRICT_PROTOTYPES = YES;
				CLANG_WARN_SUSPICIOUS_MOVE = YES;
				CLANG_WARN_UNGUARDED_AVAILABILITY = YES_AGGRESSIVE;
				CLANG_WARN_UNREACHABLE_CODE = YES;
				CLANG_WARN__DUPLICATE_METHOD_MATCH = YES;
				COPY_PHASE_STRIP = NO;
				DEBUG_INFORMATION_FORMAT = dwarf;
				ENABLE_STRICT_OBJC_MSGSEND = YES;
				ENABLE_TESTABILITY = YES;
				ENABLE_USER_SCRIPT_SANDBOXING = YES;
				GCC_C_LANGUAGE_STANDARD = gnu17;
				GCC_DYNAMIC_NO_PIC = NO;
				GCC_NO_COMMON_BLOCKS = YES;
				GCC_OPTIMIZATION_LEVEL = 0;
				GCC_PREPROCESSOR_DEFINITIONS = (
					"DEBUG=1",
					"$(inherited)",
				);
				GCC_WARN_64_TO_32_BIT_CONVERSION = YES;
				GCC_WARN_ABOUT_RETURN_TYPE = YES_ERROR;
				GCC_WARN_UNDECLARED_SELECTOR = YES;
				GCC_WARN_UNINITIALIZED_AUTOS = YES_AGGRESSIVE;
				GCC_WARN_UNUSED_FUNCTION = YES;
				GCC_WARN_UNUSED_VARIABLE = YES;
				IPHONEOS_DEPLOYMENT_TARGET = 17.2;
				LOCALIZATION_PREFERS_STRING_CATALOGS = YES;
				MTL_ENABLE_DEBUG_INFO = INCLUDE_SOURCE;
				MTL_FAST_MATH = YES;
				ONLY_ACTIVE_ARCH = YES;
				SDKROOT = iphoneos;
				SWIFT_ACTIVE_COMPILATION_CONDITIONS = "DEBUG $(inherited)";
				SWIFT_OPTIMIZATION_LEVEL = "-Onone";
			};
			name = Debug;
		};
		DE8CA5C12B8E7484002C945E /* Release */ = {
			isa = XCBuildConfiguration;
			buildSettings = {
				ALWAYS_SEARCH_USER_PATHS = NO;
				ASSETCATALOG_COMPILER_GENERATE_SWIFT_ASSET_SYMBOL_EXTENSIONS = YES;
				CLANG_ANALYZER_NONNULL = YES;
				CLANG_ANALYZER_NUMBER_OBJECT_CONVERSION = YES_AGGRESSIVE;
				CLANG_CXX_LANGUAGE_STANDARD = "gnu++20";
				CLANG_ENABLE_MODULES = YES;
				CLANG_ENABLE_OBJC_ARC = YES;
				CLANG_ENABLE_OBJC_WEAK = YES;
				CLANG_WARN_BLOCK_CAPTURE_AUTORELEASING = YES;
				CLANG_WARN_BOOL_CONVERSION = YES;
				CLANG_WARN_COMMA = YES;
				CLANG_WARN_CONSTANT_CONVERSION = YES;
				CLANG_WARN_DEPRECATED_OBJC_IMPLEMENTATIONS = YES;
				CLANG_WARN_DIRECT_OBJC_ISA_USAGE = YES_ERROR;
				CLANG_WARN_DOCUMENTATION_COMMENTS = YES;
				CLANG_WARN_EMPTY_BODY = YES;
				CLANG_WARN_ENUM_CONVERSION = YES;
				CLANG_WARN_INFINITE_RECURSION = YES;
				CLANG_WARN_INT_CONVERSION = YES;
				CLANG_WARN_NON_LITERAL_NULL_CONVERSION = YES;
				CLANG_WARN_OBJC_IMPLICIT_RETAIN_SELF = YES;
				CLANG_WARN_OBJC_LITERAL_CONVERSION = YES;
				CLANG_WARN_OBJC_ROOT_CLASS = YES_ERROR;
				CLANG_WARN_QUOTED_INCLUDE_IN_FRAMEWORK_HEADER = YES;
				CLANG_WARN_RANGE_LOOP_ANALYSIS = YES;
				CLANG_WARN_STRICT_PROTOTYPES = YES;
				CLANG_WARN_SUSPICIOUS_MOVE = YES;
				CLANG_WARN_UNGUARDED_AVAILABILITY = YES_AGGRESSIVE;
				CLANG_WARN_UNREACHABLE_CODE = YES;
				CLANG_WARN__DUPLICATE_METHOD_MATCH = YES;
				COPY_PHASE_STRIP = NO;
				DEBUG_INFORMATION_FORMAT = "dwarf-with-dsym";
				ENABLE_NS_ASSERTIONS = NO;
				ENABLE_STRICT_OBJC_MSGSEND = YES;
				ENABLE_USER_SCRIPT_SANDBOXING = YES;
				GCC_C_LANGUAGE_STANDARD = gnu17;
				GCC_NO_COMMON_BLOCKS = YES;
				GCC_WARN_64_TO_32_BIT_CONVERSION = YES;
				GCC_WARN_ABOUT_RETURN_TYPE = YES_ERROR;
				GCC_WARN_UNDECLARED_SELECTOR = YES;
				GCC_WARN_UNINITIALIZED_AUTOS = YES_AGGRESSIVE;
				GCC_WARN_UNUSED_FUNCTION = YES;
				GCC_WARN_UNUSED_VARIABLE = YES;
				IPHONEOS_DEPLOYMENT_TARGET = 17.2;
				LOCALIZATION_PREFERS_STRING_CATALOGS = YES;
				MTL_ENABLE_DEBUG_INFO = NO;
				MTL_FAST_MATH = YES;
				SDKROOT = iphoneos;
				SWIFT_COMPILATION_MODE = wholemodule;
				VALIDATE_PRODUCT = YES;
			};
			name = Release;
		};
		DE8CA5C32B8E7484002C945E /* Debug */ = {
			isa = XCBuildConfiguration;
			buildSettings = {
				ASSETCATALOG_COMPILER_APPICON_NAME = AppIcon;
				ASSETCATALOG_COMPILER_GLOBAL_ACCENT_COLOR_NAME = AccentColor;
				CODE_SIGN_STYLE = Automatic;
				CURRENT_PROJECT_VERSION = 1;
				GENERATE_INFOPLIST_FILE = YES;
				INFOPLIST_FILE = SimpsonApp/Info.plist;
				INFOPLIST_KEY_UIApplicationSupportsIndirectInputEvents = YES;
				INFOPLIST_KEY_UILaunchStoryboardName = LaunchScreen;
				INFOPLIST_KEY_UIMainStoryboardFile = Main;
				INFOPLIST_KEY_UISupportedInterfaceOrientations_iPad = "UIInterfaceOrientationPortrait UIInterfaceOrientationPortraitUpsideDown UIInterfaceOrientationLandscapeLeft UIInterfaceOrientationLandscapeRight";
				INFOPLIST_KEY_UISupportedInterfaceOrientations_iPhone = "UIInterfaceOrientationPortrait UIInterfaceOrientationLandscapeLeft UIInterfaceOrientationLandscapeRight";
				LD_RUNPATH_SEARCH_PATHS = (
					"$(inherited)",
					"@executable_path/Frameworks",
				);
				MARKETING_VERSION = 1.0;
				PRODUCT_BUNDLE_IDENTIFIER = com.eneskala.SimpsonApp;
				PRODUCT_NAME = "$(TARGET_NAME)";
				SWIFT_EMIT_LOC_STRINGS = YES;
				SWIFT_VERSION = 5.0;
				TARGETED_DEVICE_FAMILY = "1,2";
			};
			name = Debug;
		};
		DE8CA5C42B8E7484002C945E /* Release */ = {
			isa = XCBuildConfiguration;
			buildSettings = {
				ASSETCATALOG_COMPILER_APPICON_NAME = AppIcon;
				ASSETCATALOG_COMPILER_GLOBAL_ACCENT_COLOR_NAME = AccentColor;
				CODE_SIGN_STYLE = Automatic;
				CURRENT_PROJECT_VERSION = 1;
				GENERATE_INFOPLIST_FILE = YES;
				INFOPLIST_FILE = SimpsonApp/Info.plist;
				INFOPLIST_KEY_UIApplicationSupportsIndirectInputEvents = YES;
				INFOPLIST_KEY_UILaunchStoryboardName = LaunchScreen;
				INFOPLIST_KEY_UIMainStoryboardFile = Main;
				INFOPLIST_KEY_UISupportedInterfaceOrientations_iPad = "UIInterfaceOrientationPortrait UIInterfaceOrientationPortraitUpsideDown UIInterfaceOrientationLandscapeLeft UIInterfaceOrientationLandscapeRight";
				INFOPLIST_KEY_UISupportedInterfaceOrientations_iPhone = "UIInterfaceOrientationPortrait UIInterfaceOrientationLandscapeLeft UIInterfaceOrientationLandscapeRight";
				LD_RUNPATH_SEARCH_PATHS = (
					"$(inherited)",
					"@executable_path/Frameworks",
				);
				MARKETING_VERSION = 1.0;
				PRODUCT_BUNDLE_IDENTIFIER = com.eneskala.SimpsonApp;
				PRODUCT_NAME = "$(TARGET_NAME)";
				SWIFT_EMIT_LOC_STRINGS = YES;
				SWIFT_VERSION = 5.0;
				TARGETED_DEVICE_FAMILY = "1,2";
			};
			name = Release;
		};
		DE8CA5C62B8E7484002C945E /* Debug */ = {
			isa = XCBuildConfiguration;
			buildSettings = {
				ALWAYS_EMBED_SWIFT_STANDARD_LIBRARIES = YES;
				BUNDLE_LOADER = "$(TEST_HOST)";
				CODE_SIGN_STYLE = Automatic;
				CURRENT_PROJECT_VERSION = 1;
				GENERATE_INFOPLIST_FILE = YES;
				IPHONEOS_DEPLOYMENT_TARGET = 17.2;
				MARKETING_VERSION = 1.0;
				PRODUCT_BUNDLE_IDENTIFIER = com.eneskala.SimpsonAppTests;
				PRODUCT_NAME = "$(TARGET_NAME)";
				SWIFT_EMIT_LOC_STRINGS = NO;
				SWIFT_VERSION = 5.0;
				TARGETED_DEVICE_FAMILY = "1,2";
				TEST_HOST = "$(BUILT_PRODUCTS_DIR)/SimpsonApp.app/$(BUNDLE_EXECUTABLE_FOLDER_PATH)/SimpsonApp";
			};
			name = Debug;
		};
		DE8CA5C72B8E7484002C945E /* Release */ = {
			isa = XCBuildConfiguration;
			buildSettings = {
				ALWAYS_EMBED_SWIFT_STANDARD_LIBRARIES = YES;
				BUNDLE_LOADER = "$(TEST_HOST)";
				CODE_SIGN_STYLE = Automatic;
				CURRENT_PROJECT_VERSION = 1;
				GENERATE_INFOPLIST_FILE = YES;
				IPHONEOS_DEPLOYMENT_TARGET = 17.2;
				MARKETING_VERSION = 1.0;
				PRODUCT_BUNDLE_IDENTIFIER = com.eneskala.SimpsonAppTests;
				PRODUCT_NAME = "$(TARGET_NAME)";
				SWIFT_EMIT_LOC_STRINGS = NO;
				SWIFT_VERSION = 5.0;
				TARGETED_DEVICE_FAMILY = "1,2";
				TEST_HOST = "$(BUILT_PRODUCTS_DIR)/SimpsonApp.app/$(BUNDLE_EXECUTABLE_FOLDER_PATH)/SimpsonApp";
			};
			name = Release;
		};
		DE8CA5C92B8E7484002C945E /* Debug */ = {
			isa = XCBuildConfiguration;
			buildSettings = {
				ALWAYS_EMBED_SWIFT_STANDARD_LIBRARIES = YES;
				CODE_SIGN_STYLE = Automatic;
				CURRENT_PROJECT_VERSION = 1;
				GENERATE_INFOPLIST_FILE = YES;
				MARKETING_VERSION = 1.0;
				PRODUCT_BUNDLE_IDENTIFIER = com.eneskala.SimpsonAppUITests;
				PRODUCT_NAME = "$(TARGET_NAME)";
				SWIFT_EMIT_LOC_STRINGS = NO;
				SWIFT_VERSION = 5.0;
				TARGETED_DEVICE_FAMILY = "1,2";
				TEST_TARGET_NAME = SimpsonApp;
			};
			name = Debug;
		};
		DE8CA5CA2B8E7484002C945E /* Release */ = {
			isa = XCBuildConfiguration;
			buildSettings = {
				ALWAYS_EMBED_SWIFT_STANDARD_LIBRARIES = YES;
				CODE_SIGN_STYLE = Automatic;
				CURRENT_PROJECT_VERSION = 1;
				GENERATE_INFOPLIST_FILE = YES;
				MARKETING_VERSION = 1.0;
				PRODUCT_BUNDLE_IDENTIFIER = com.eneskala.SimpsonAppUITests;
				PRODUCT_NAME = "$(TARGET_NAME)";
				SWIFT_EMIT_LOC_STRINGS = NO;
				SWIFT_VERSION = 5.0;
				TARGETED_DEVICE_FAMILY = "1,2";
				TEST_TARGET_NAME = SimpsonApp;
			};
			name = Release;
		};
/* End XCBuildConfiguration section */

/* Begin XCConfigurationList section */
		DE8CA5932B8E7483002C945E /* Build configuration list for PBXProject "SimpsonApp" */ = {
			isa = XCConfigurationList;
			buildConfigurations = (
				DE8CA5C02B8E7484002C945E /* Debug */,
				DE8CA5C12B8E7484002C945E /* Release */,
			);
			defaultConfigurationIsVisible = 0;
			defaultConfigurationName = Release;
		};
		DE8CA5C22B8E7484002C945E /* Build configuration list for PBXNativeTarget "SimpsonApp" */ = {
			isa = XCConfigurationList;
			buildConfigurations = (
				DE8CA5C32B8E7484002C945E /* Debug */,
				DE8CA5C42B8E7484002C945E /* Release */,
			);
			defaultConfigurationIsVisible = 0;
			defaultConfigurationName = Release;
		};
		DE8CA5C52B8E7484002C945E /* Build configuration list for PBXNativeTarget "SimpsonAppTests" */ = {
			isa = XCConfigurationList;
			buildConfigurations = (
				DE8CA5C62B8E7484002C945E /* Debug */,
				DE8CA5C72B8E7484002C945E /* Release */,
			);
			defaultConfigurationIsVisible = 0;
			defaultConfigurationName = Release;
		};
		DE8CA5C82B8E7484002C945E /* Build configuration list for PBXNativeTarget "SimpsonAppUITests" */ = {
			isa = XCConfigurationList;
			buildConfigurations = (
				DE8CA5C92B8E7484002C945E /* Debug */,
				DE8CA5CA2B8E7484002C945E /* Release */,
			);
			defaultConfigurationIsVisible = 0;
			defaultConfigurationName = Release;
		};
/* End XCConfigurationList section */
	};
	rootObject = DE8CA5902B8E7483002C945E /* Project object */;
}
